# THIS IS AN AUTOGENERATED FILE. DO NOT EDIT THIS FILE DIRECTLY.
# yarn lockfile v1


"@babel/parser@^7.20.15":
  version "7.24.4"
  resolved "https://registry.yarnpkg.com/@babel/parser/-/parser-7.24.4.tgz#234487a110d89ad5a3ed4a8a566c36b9453e8c88"
  integrity sha512-zTvEBcghmeBma9QIGunWevvBAp4/Qu9Bdq+2k0Ot4fVMD6v3dsC9WOcRSKk7tRRyBM/53yKMJko9xOatGQAwSg==

"@biomejs/biome@*":
  version "2.3.1"
  resolved "https://registry.yarnpkg.com/@biomejs/biome/-/biome-2.3.1.tgz#d1a9284f52986324f288cdaf450331a0f3fb1da7"
  integrity sha512-A29evf1R72V5bo4o2EPxYMm5mtyGvzp2g+biZvRFx29nWebGyyeOSsDWGx3tuNNMFRepGwxmA9ZQ15mzfabK2w==
  optionalDependencies:
    "@biomejs/cli-darwin-arm64" "2.3.1"
    "@biomejs/cli-darwin-x64" "2.3.1"
    "@biomejs/cli-linux-arm64" "2.3.1"
    "@biomejs/cli-linux-arm64-musl" "2.3.1"
    "@biomejs/cli-linux-x64" "2.3.1"
    "@biomejs/cli-linux-x64-musl" "2.3.1"
    "@biomejs/cli-win32-arm64" "2.3.1"
    "@biomejs/cli-win32-x64" "2.3.1"

"@biomejs/cli-darwin-arm64@2.3.1":
  version "2.3.1"
  resolved "https://registry.yarnpkg.com/@biomejs/cli-darwin-arm64/-/cli-darwin-arm64-2.3.1.tgz#607835f8ef043e1a80f9ad2a232c9e860941ab60"
  integrity sha512-ombSf3MnTUueiYGN1SeI9tBCsDUhpWzOwS63Dove42osNh0PfE1cUtHFx6eZ1+MYCCLwXzlFlYFdrJ+U7h6LcA==

"@biomejs/cli-darwin-x64@2.3.1":
  version "2.3.1"
  resolved "https://registry.yarnpkg.com/@biomejs/cli-darwin-x64/-/cli-darwin-x64-2.3.1.tgz#654fe4aaa8ea5d5bde5457db4961ad5d214713ac"
  integrity sha512-pcOfwyoQkrkbGvXxRvZNe5qgD797IowpJPovPX5biPk2FwMEV+INZqfCaz4G5bVq9hYnjwhRMamg11U4QsRXrQ==

"@biomejs/cli-linux-arm64-musl@2.3.1":
  version "2.3.1"
  resolved "https://registry.yarnpkg.com/@biomejs/cli-linux-arm64-musl/-/cli-linux-arm64-musl-2.3.1.tgz#5fe502082a575c31ef808cf080cbcd4485964167"
  integrity sha512-+DZYv8l7FlUtTrWs1Tdt1KcNCAmRO87PyOnxKGunbWm5HKg1oZBSbIIPkjrCtDZaeqSG1DiGx7qF+CPsquQRcg==

"@biomejs/cli-linux-arm64@2.3.1":
  version "2.3.1"
  resolved "https://registry.yarnpkg.com/@biomejs/cli-linux-arm64/-/cli-linux-arm64-2.3.1.tgz#81c02547905d379dbb312e6ff24b04908c2e320f"
  integrity sha512-td5O8pFIgLs8H1sAZsD6v+5quODihyEw4nv2R8z7swUfIK1FKk+15e4eiYVLcAE4jUqngvh4j3JCNgg0Y4o4IQ==

"@biomejs/cli-linux-x64-musl@2.3.1":
  version "2.3.1"
  resolved "https://registry.yarnpkg.com/@biomejs/cli-linux-x64-musl/-/cli-linux-x64-musl-2.3.1.tgz#c7c00beb5eda1ad25185544897e66eeec6be3b0b"
  integrity sha512-Y3Ob4nqgv38Mh+6EGHltuN+Cq8aj/gyMTJYzkFZV2AEj+9XzoXB9VNljz9pjfFNHUxvLEV4b55VWyxozQTBaUQ==

"@biomejs/cli-linux-x64@2.3.1":
  version "2.3.1"
  resolved "https://registry.yarnpkg.com/@biomejs/cli-linux-x64/-/cli-linux-x64-2.3.1.tgz#7481d2e7be98d4de574df233766a5bdda037c897"
  integrity sha512-PYWgEO7up7XYwSAArOpzsVCiqxBCXy53gsReAb1kKYIyXaoAlhBaBMvxR/k2Rm9aTuZ662locXUmPk/Aj+Xu+Q==

"@biomejs/cli-win32-arm64@2.3.1":
  version "2.3.1"
  resolved "https://registry.yarnpkg.com/@biomejs/cli-win32-arm64/-/cli-win32-arm64-2.3.1.tgz#dac8c7c7223e97f86cd0eed7aa95584984761481"
  integrity sha512-RHIG/zgo+69idUqVvV3n8+j58dKYABRpMyDmfWu2TITC+jwGPiEaT0Q3RKD+kQHiS80mpBrST0iUGeEXT0bU9A==

"@biomejs/cli-win32-x64@2.3.1":
  version "2.3.1"
  resolved "https://registry.yarnpkg.com/@biomejs/cli-win32-x64/-/cli-win32-x64-2.3.1.tgz#f8818ab2c1e3a6e2ed8a656935173e5ce4c720be"
  integrity sha512-izl30JJ5Dp10mi90Eko47zhxE6pYyWPcnX1NQxKpL/yMhXxf95oLTzfpu4q+MDBh/gemNqyJEwjBpe0MT5iWPA==

"@jsdoc/salty@^0.2.1":
  version "0.2.7"
  resolved "https://registry.yarnpkg.com/@jsdoc/salty/-/salty-0.2.7.tgz#98ddce519fd95d7bee605a658fabf6e8cbf7556d"
  integrity sha512-mh8LbS9d4Jq84KLw8pzho7XC2q2/IJGiJss3xwRoLD1A+EE16SjN4PfaG4jRCzKegTFLlN0Zd8SdUPE6XdoPFg==
  dependencies:
    lodash "^4.17.21"

"@octokit/app@^16.1.1":
  version "16.1.1"
  resolved "https://registry.yarnpkg.com/@octokit/app/-/app-16.1.1.tgz#3b72ba6266d67b2e011e5ea369f92712fd920f61"
  integrity sha512-pcvKSN6Q6aT3gU5heoDFs3ywU5xejxeqs1rQpUwgN7CmBlxCSy9aCoqFuC6GpVv71O/Qq/VuYfCNzrOZp/9Ycw==
  dependencies:
    "@octokit/auth-app" "^8.1.1"
    "@octokit/auth-unauthenticated" "^7.0.2"
    "@octokit/core" "^7.0.5"
    "@octokit/oauth-app" "^8.0.2"
    "@octokit/plugin-paginate-rest" "^13.2.0"
    "@octokit/types" "^15.0.0"
    "@octokit/webhooks" "^14.0.0"

"@octokit/auth-app@^8.1.1":
  version "8.1.1"
  resolved "https://registry.yarnpkg.com/@octokit/auth-app/-/auth-app-8.1.1.tgz#28b76c2f861b196c1bf050eeecca21c7931dcab1"
  integrity sha512-yW9YUy1cuqWlz8u7908ed498wJFt42VYsYWjvepjojM4BdZSp4t+5JehFds7LfvYi550O/GaUI94rgbhswvxfA==
  dependencies:
    "@octokit/auth-oauth-app" "^9.0.2"
    "@octokit/auth-oauth-user" "^6.0.1"
    "@octokit/request" "^10.0.5"
    "@octokit/request-error" "^7.0.1"
    "@octokit/types" "^15.0.0"
    toad-cache "^3.7.0"
    universal-github-app-jwt "^2.2.0"
    universal-user-agent "^7.0.0"

"@octokit/auth-oauth-app@^9.0.2":
  version "9.0.2"
  resolved "https://registry.yarnpkg.com/@octokit/auth-oauth-app/-/auth-oauth-app-9.0.2.tgz#e21b4501d3ce09cf7fb251b566d95b52a769c9dc"
  integrity sha512-vmjSHeuHuM+OxZLzOuoYkcY3OPZ8erJ5lfswdTmm+4XiAKB5PmCk70bA1is4uwSl/APhRVAv4KHsgevWfEKIPQ==
  dependencies:
    "@octokit/auth-oauth-device" "^8.0.2"
    "@octokit/auth-oauth-user" "^6.0.1"
    "@octokit/request" "^10.0.5"
    "@octokit/types" "^15.0.0"
    universal-user-agent "^7.0.0"

"@octokit/auth-oauth-device@^8.0.2":
  version "8.0.2"
  resolved "https://registry.yarnpkg.com/@octokit/auth-oauth-device/-/auth-oauth-device-8.0.2.tgz#2ba6a0569e12da8efe4420af2b6b33a857f62532"
  integrity sha512-KW7Ywrz7ei7JX+uClWD2DN1259fnkoKuVdhzfpQ3/GdETaCj4Tx0IjvuJrwhP/04OhcMu5yR6tjni0V6LBihdw==
  dependencies:
    "@octokit/oauth-methods" "^6.0.1"
    "@octokit/request" "^10.0.5"
    "@octokit/types" "^15.0.0"
    universal-user-agent "^7.0.0"

"@octokit/auth-oauth-user@^6.0.1":
  version "6.0.1"
  resolved "https://registry.yarnpkg.com/@octokit/auth-oauth-user/-/auth-oauth-user-6.0.1.tgz#fbd838112e5cec0329a8ebe16fe983d065aa187d"
  integrity sha512-vlKsL1KUUPvwXpv574zvmRd+/4JiDFXABIZNM39+S+5j2kODzGgjk7w5WtiQ1x24kRKNaE7v9DShNbw43UA3Hw==
  dependencies:
    "@octokit/auth-oauth-device" "^8.0.2"
    "@octokit/oauth-methods" "^6.0.1"
    "@octokit/request" "^10.0.5"
    "@octokit/types" "^15.0.0"
    universal-user-agent "^7.0.0"

"@octokit/auth-token@^6.0.0":
  version "6.0.0"
  resolved "https://registry.yarnpkg.com/@octokit/auth-token/-/auth-token-6.0.0.tgz#b02e9c08a2d8937df09a2a981f226ad219174c53"
  integrity sha512-P4YJBPdPSpWTQ1NU4XYdvHvXJJDxM6YwpS0FZHRgP7YFkdVxsWcpWGy/NVqlAA7PcPCnMacXlRm1y2PFZRWL/w==

"@octokit/auth-unauthenticated@^7.0.2":
  version "7.0.2"
  resolved "https://registry.yarnpkg.com/@octokit/auth-unauthenticated/-/auth-unauthenticated-7.0.2.tgz#3b53e1a93589ca41302fad53c33879a3c5d791c8"
  integrity sha512-vjcPRP1xsKWdYKiyKmHkLFCxeH4QvVTv05VJlZxwNToslBFcHRJlsWRaoI2+2JGCf9tIM99x8cN0b1rlAHJiQw==
  dependencies:
    "@octokit/request-error" "^7.0.1"
    "@octokit/types" "^15.0.0"

"@octokit/core@^7.0.5":
  version "7.0.5"
  resolved "https://registry.yarnpkg.com/@octokit/core/-/core-7.0.5.tgz#2611ed0a0b99a278f67e4ffdfedaea4577ca3241"
  integrity sha512-t54CUOsFMappY1Jbzb7fetWeO0n6K0k/4+/ZpkS+3Joz8I4VcvY9OiEBFRYISqaI2fq5sCiPtAjRDOzVYG8m+Q==
  dependencies:
    "@octokit/auth-token" "^6.0.0"
    "@octokit/graphql" "^9.0.2"
    "@octokit/request" "^10.0.4"
    "@octokit/request-error" "^7.0.1"
    "@octokit/types" "^15.0.0"
    before-after-hook "^4.0.0"
    universal-user-agent "^7.0.0"

"@octokit/endpoint@^11.0.1":
  version "11.0.1"
  resolved "https://registry.yarnpkg.com/@octokit/endpoint/-/endpoint-11.0.1.tgz#16c510afbe873174f2091b747abe3c21769e6b55"
  integrity sha512-7P1dRAZxuWAOPI7kXfio88trNi/MegQ0IJD3vfgC3b+LZo1Qe6gRJc2v0mz2USWWJOKrB2h5spXCzGbw+fAdqA==
  dependencies:
    "@octokit/types" "^15.0.0"
    universal-user-agent "^7.0.2"

"@octokit/graphql@^9.0.2":
  version "9.0.2"
  resolved "https://registry.yarnpkg.com/@octokit/graphql/-/graphql-9.0.2.tgz#910a626d1e11c385357d1579cc1840f1725aa6ef"
  integrity sha512-iz6KzZ7u95Fzy9Nt2L8cG88lGRMr/qy1Q36ih/XVzMIlPDMYwaNLE/ENhqmIzgPrlNWiYJkwmveEetvxAgFBJw==
  dependencies:
    "@octokit/request" "^10.0.4"
    "@octokit/types" "^15.0.0"
    universal-user-agent "^7.0.0"

"@octokit/oauth-app@^8.0.2":
  version "8.0.3"
  resolved "https://registry.yarnpkg.com/@octokit/oauth-app/-/oauth-app-8.0.3.tgz#56172be3be768f9c38f12a63e5ef8d6644fd7efb"
  integrity sha512-jnAjvTsPepyUaMu9e69hYBuozEPgYqP4Z3UnpmvoIzHDpf8EXDGvTY1l1jK0RsZ194oRd+k6Hm13oRU8EoDFwg==
  dependencies:
    "@octokit/auth-oauth-app" "^9.0.2"
    "@octokit/auth-oauth-user" "^6.0.1"
    "@octokit/auth-unauthenticated" "^7.0.2"
    "@octokit/core" "^7.0.5"
    "@octokit/oauth-authorization-url" "^8.0.0"
    "@octokit/oauth-methods" "^6.0.1"
    "@types/aws-lambda" "^8.10.83"
    universal-user-agent "^7.0.0"

"@octokit/oauth-authorization-url@^8.0.0":
  version "8.0.0"
  resolved "https://registry.yarnpkg.com/@octokit/oauth-authorization-url/-/oauth-authorization-url-8.0.0.tgz#fdbab39a07d38faaad8621a5fdf04bc0c36d63e7"
  integrity sha512-7QoLPRh/ssEA/HuHBHdVdSgF8xNLz/Bc5m9fZkArJE5bb6NmVkDm3anKxXPmN1zh6b5WKZPRr3697xKT/yM3qQ==

"@octokit/oauth-methods@^6.0.1":
  version "6.0.1"
  resolved "https://registry.yarnpkg.com/@octokit/oauth-methods/-/oauth-methods-6.0.1.tgz#326c0fbb89531b5495a3f218e7084f295fff40f4"
  integrity sha512-xi6Iut3izMCFzXBJtxxJehxJmAKjE8iwj6L5+raPRwlTNKAbOOBJX7/Z8AF5apD4aXvc2skwIdOnC+CQ4QuA8Q==
  dependencies:
    "@octokit/oauth-authorization-url" "^8.0.0"
    "@octokit/request" "^10.0.5"
    "@octokit/request-error" "^7.0.1"
    "@octokit/types" "^15.0.0"

"@octokit/openapi-types@^26.0.0":
  version "26.0.0"
  resolved "https://registry.yarnpkg.com/@octokit/openapi-types/-/openapi-types-26.0.0.tgz#a528b560dbc4f02040dc08d19575498d57fff19d"
  integrity sha512-7AtcfKtpo77j7Ts73b4OWhOZHTKo/gGY8bB3bNBQz4H+GRSWqx2yvj8TXRsbdTE0eRmYmXOEY66jM7mJ7LzfsA==

"@octokit/openapi-webhooks-types@12.0.3":
  version "12.0.3"
  resolved "https://registry.yarnpkg.com/@octokit/openapi-webhooks-types/-/openapi-webhooks-types-12.0.3.tgz#fa44fb31fbb4c444c5fd640dbbf537f00c20617c"
  integrity sha512-90MF5LVHjBedwoHyJsgmaFhEN1uzXyBDRLEBe7jlTYx/fEhPAk3P3DAJsfZwC54m8hAIryosJOL+UuZHB3K3yA==

"@octokit/plugin-paginate-graphql@^6.0.0":
  version "6.0.0"
  resolved "https://registry.yarnpkg.com/@octokit/plugin-paginate-graphql/-/plugin-paginate-graphql-6.0.0.tgz#acdefd7e85ce24716e7ad7352f2df4d29d0e273b"
  integrity sha512-crfpnIoFiBtRkvPqOyLOsw12XsveYuY2ieP6uYDosoUegBJpSVxGwut9sxUgFFcll3VTOTqpUf8yGd8x1OmAkQ==

"@octokit/plugin-paginate-rest@^13.2.0":
  version "13.2.1"
  resolved "https://registry.yarnpkg.com/@octokit/plugin-paginate-rest/-/plugin-paginate-rest-13.2.1.tgz#7ad36e7732a391e5ce9ce4e23fa8023127a0f162"
  integrity sha512-Tj4PkZyIL6eBMYcG/76QGsedF0+dWVeLhYprTmuFVVxzDW7PQh23tM0TP0z+1MvSkxB29YFZwnUX+cXfTiSdyw==
  dependencies:
    "@octokit/types" "^15.0.1"

"@octokit/plugin-rest-endpoint-methods@^16.1.0":
  version "16.1.1"
  resolved "https://registry.yarnpkg.com/@octokit/plugin-rest-endpoint-methods/-/plugin-rest-endpoint-methods-16.1.1.tgz#cf5e901a06c411a879e880499db8152c295b6645"
  integrity sha512-VztDkhM0ketQYSh5Im3IcKWFZl7VIrrsCaHbDINkdYeiiAsJzjhS2xRFCSJgfN6VOcsoW4laMtsmf3HcNqIimg==
  dependencies:
    "@octokit/types" "^15.0.1"

"@octokit/plugin-retry@^8.0.2":
  version "8.0.2"
  resolved "https://registry.yarnpkg.com/@octokit/plugin-retry/-/plugin-retry-8.0.2.tgz#9cb012d9e8f8ea2771052fafa0c309c56df4027a"
  integrity sha512-mVPCe77iaD8g1lIX46n9bHPUirFLzc3BfIzsZOpB7bcQh1ecS63YsAgcsyMGqvGa2ARQWKEFTrhMJX2MLJVHVw==
  dependencies:
    "@octokit/request-error" "^7.0.1"
    "@octokit/types" "^15.0.0"
    bottleneck "^2.15.3"

"@octokit/plugin-throttling@^11.0.2":
  version "11.0.2"
  resolved "https://registry.yarnpkg.com/@octokit/plugin-throttling/-/plugin-throttling-11.0.2.tgz#22727f72630ce966cd163149a55bd56a9e0434fb"
  integrity sha512-ntNIig4zZhQVOZF4fG9Wt8QCoz9ehb+xnlUwp74Ic2ANChCk8oKmRwV9zDDCtrvU1aERIOvtng8wsalEX7Jk5Q==
  dependencies:
    "@octokit/types" "^15.0.0"
    bottleneck "^2.15.3"

"@octokit/request-error@^7.0.0", "@octokit/request-error@^7.0.1":
  version "7.0.1"
  resolved "https://registry.yarnpkg.com/@octokit/request-error/-/request-error-7.0.1.tgz#2651faef1ed387583d73d9a38452b216a5c6975d"
  integrity sha512-CZpFwV4+1uBrxu7Cw8E5NCXDWFNf18MSY23TdxCBgjw1tXXHvTrZVsXlW8hgFTOLw8RQR1BBrMvYRtuyaijHMA==
  dependencies:
    "@octokit/types" "^15.0.0"

"@octokit/request@^10.0.4", "@octokit/request@^10.0.5":
  version "10.0.5"
  resolved "https://registry.yarnpkg.com/@octokit/request/-/request-10.0.5.tgz#bbe476579db7876af783a10b802bdc37903c2220"
  integrity sha512-TXnouHIYLtgDhKo+N6mXATnDBkV05VwbR0TtMWpgTHIoQdRQfCSzmy/LGqR1AbRMbijq/EckC/E3/ZNcU92NaQ==
  dependencies:
    "@octokit/endpoint" "^11.0.1"
    "@octokit/request-error" "^7.0.1"
    "@octokit/types" "^15.0.0"
    fast-content-type-parse "^3.0.0"
    universal-user-agent "^7.0.2"

"@octokit/types@^15.0.0", "@octokit/types@^15.0.1":
  version "15.0.1"
  resolved "https://registry.yarnpkg.com/@octokit/types/-/types-15.0.1.tgz#1e84e1e9b783b828b9616a113b174d7fec6a5618"
  integrity sha512-sdiirM93IYJ9ODDCBgmRPIboLbSkpLa5i+WLuXH8b8Atg+YMLAyLvDDhNWLV4OYd08tlvYfVm/dw88cqHWtw1Q==
  dependencies:
    "@octokit/openapi-types" "^26.0.0"

"@octokit/webhooks-methods@^6.0.0":
  version "6.0.0"
  resolved "https://registry.yarnpkg.com/@octokit/webhooks-methods/-/webhooks-methods-6.0.0.tgz#34abf78aec6f826fe561cfe79d2ebb1950d1d25f"
  integrity sha512-MFlzzoDJVw/GcbfzVC1RLR36QqkTLUf79vLVO3D+xn7r0QgxnFoLZgtrzxiQErAjFUOdH6fas2KeQJ1yr/qaXQ==

"@octokit/webhooks@^14.0.0":
  version "14.1.3"
  resolved "https://registry.yarnpkg.com/@octokit/webhooks/-/webhooks-14.1.3.tgz#2d0bed71b07745c0b33363d69e0ae0e440469a18"
  integrity sha512-gcK4FNaROM9NjA0mvyfXl0KPusk7a1BeA8ITlYEZVQCXF5gcETTd4yhAU0Kjzd8mXwYHppzJBWgdBVpIR9wUcQ==
  dependencies:
    "@octokit/openapi-webhooks-types" "12.0.3"
    "@octokit/request-error" "^7.0.0"
    "@octokit/webhooks-methods" "^6.0.0"

"@types/aws-lambda@*", "@types/aws-lambda@^8.10.83":
  version "8.10.156"
  resolved "https://registry.yarnpkg.com/@types/aws-lambda/-/aws-lambda-8.10.156.tgz#ea7cd65806d441fcf4afce1738fe786d4bdafb8d"
  integrity sha512-LElQP+QliVWykC7OF8dNr04z++HJCMO2lF7k9HuKoSDARqhcjHq8MzbrRwujCSDeBHIlvaimbuY/tVZL36KXFQ==

"@types/linkify-it@^5":
  version "5.0.0"
  resolved "https://registry.yarnpkg.com/@types/linkify-it/-/linkify-it-5.0.0.tgz#21413001973106cda1c3a9b91eedd4ccd5469d76"
  integrity sha512-sVDA58zAw4eWAffKOaQH5/5j3XeayukzDk+ewSsnv3p4yJEZHCCzMDiZM8e0OUrRvmpGZ85jf4yDHkHsgBNr9Q==

"@types/markdown-it@^14.1.1":
  version "14.1.2"
  resolved "https://registry.yarnpkg.com/@types/markdown-it/-/markdown-it-14.1.2.tgz#57f2532a0800067d9b934f3521429a2e8bfb4c61"
  integrity sha512-promo4eFwuiW+TfGxhi+0x3czqTYJkG8qB17ZUJiVF10Xm7NLVRSLUsfRTU/6h1e24VvRnXCx+hG7li58lkzog==
  dependencies:
    "@types/linkify-it" "^5"
    "@types/mdurl" "^2"

"@types/mdurl@^2":
  version "2.0.0"
  resolved "https://registry.yarnpkg.com/@types/mdurl/-/mdurl-2.0.0.tgz#d43878b5b20222682163ae6f897b20447233bdfd"
  integrity sha512-RGdgjQUZba5p6QEFAVx2OGb8rQDL/cPRG7GiedRzMcJ1tYnUANBncjbSB1NRGwbvjcPeikRABz2nshyPk1bhWg==

"@types/node@*":
  version "24.9.1"
  resolved "https://registry.yarnpkg.com/@types/node/-/node-24.9.1.tgz#b7360b3c789089e57e192695a855aa4f6981a53c"
  integrity sha512-QoiaXANRkSXK6p0Duvt56W208du4P9Uye9hWLWgGMDTEoKPhuenzNcC4vGUmrNkiOKTlIrBoyNQYNpSwfEZXSg==
  dependencies:
    undici-types "~7.16.0"

argparse@^2.0.1:
  version "2.0.1"
  resolved "https://registry.yarnpkg.com/argparse/-/argparse-2.0.1.tgz#246f50f3ca78a3240f6c997e8a9bd1eac49e4b38"
  integrity sha512-8+9WqebbFzpX9OR+Wa6O29asIogeRMzcGtAINdpMHHyAg10f05aSFVBbcEqGf/PXw1EjAZ+q2/bEBg3DvurK3Q==

before-after-hook@^4.0.0:
  version "4.0.0"
  resolved "https://registry.yarnpkg.com/before-after-hook/-/before-after-hook-4.0.0.tgz#cf1447ab9160df6a40f3621da64d6ffc36050cb9"
  integrity sha512-q6tR3RPqIB1pMiTRMFcZwuG5T8vwp+vUvEG0vuI6B+Rikh5BfPp2fQ82c925FOs+b0lcFQ8CFrL+KbilfZFhOQ==

bluebird@^3.7.2:
  version "3.7.2"
  resolved "https://registry.yarnpkg.com/bluebird/-/bluebird-3.7.2.tgz#9f229c15be272454ffa973ace0dbee79a1b0c36f"
  integrity sha512-XpNj6GDQzdfW+r2Wnn7xiSAd7TM3jzkxGXBGTtWKuSXv1xUV+azxAm8jdWZN06QTQk+2N2XB9jRDkvbmQmcRtg==

bottleneck@^2.15.3:
  version "2.19.5"
  resolved "https://registry.yarnpkg.com/bottleneck/-/bottleneck-2.19.5.tgz#5df0b90f59fd47656ebe63c78a98419205cadd91"
  integrity sha512-VHiNCbI1lKdl44tGrhNfU3lup0Tj/ZBMJB5/2ZbNXRCPuRCO7ed2mgcK4r17y+KB2EfuYuRaVlwNbAeaWGSpbw==

catharsis@^0.9.0:
  version "0.9.0"
  resolved "https://registry.yarnpkg.com/catharsis/-/catharsis-0.9.0.tgz#40382a168be0e6da308c277d3a2b3eb40c7d2121"
  integrity sha512-prMTQVpcns/tzFgFVkVp6ak6RykZyWb3gu8ckUpd6YkTlacOd3DXGJjIpD4Q6zJirizvaiAjSSHlOsA+6sNh2A==
  dependencies:
    lodash "^4.17.15"

entities@^4.4.0:
  version "4.5.0"
  resolved "https://registry.yarnpkg.com/entities/-/entities-4.5.0.tgz#5d268ea5e7113ec74c4d033b79ea5a35a488fb48"
  integrity sha512-V0hjH4dGPh9Ao5p0MoRY6BVqtwCjhz6vI5LT8AJ55H+4g9/4vbHx1I54fS0XuclLhDHArPQCiMjDxjaL8fPxhw==

escape-string-regexp@^2.0.0:
  version "2.0.0"
  resolved "https://registry.yarnpkg.com/escape-string-regexp/-/escape-string-regexp-2.0.0.tgz#a30304e99daa32e23b2fd20f51babd07cffca344"
  integrity sha512-UpzcLCXolUWcNu5HtVMHYdXJjArjsF9C0aNnquZYY4uW/Vu0miy5YoWvbV345HauVvcAUnpRuhMMcqTcGOY2+w==

fast-content-type-parse@^3.0.0:
  version "3.0.0"
  resolved "https://registry.yarnpkg.com/fast-content-type-parse/-/fast-content-type-parse-3.0.0.tgz#5590b6c807cc598be125e6740a9fde589d2b7afb"
  integrity sha512-ZvLdcY8P+N8mGQJahJV5G4U88CSvT1rP8ApL6uETe88MBXrBHAkZlSEySdUlyztF7ccb+Znos3TFqaepHxdhBg==

graceful-fs@^4.1.9:
  version "4.2.11"
  resolved "https://registry.yarnpkg.com/graceful-fs/-/graceful-fs-4.2.11.tgz#4183e4e8bf08bb6e05bbb2f7d2e0c8f712ca40e3"
  integrity sha512-RbJ5/jmFcNNCcDV5o9eTnBLJ/HszWV0P73bc+Ff4nS/rJj+YaS6IGyiOL0VoBYX+l1Wrl3k63h/KrH+nhJ0XvQ==

js2xmlparser@^4.0.2:
  version "4.0.2"
  resolved "https://registry.yarnpkg.com/js2xmlparser/-/js2xmlparser-4.0.2.tgz#2a1fdf01e90585ef2ae872a01bc169c6a8d5e60a"
  integrity sha512-6n4D8gLlLf1n5mNLQPRfViYzu9RATblzPEtm1SthMX1Pjao0r9YI9nw7ZIfRxQMERS87mcswrg+r/OYrPRX6jA==
  dependencies:
    xmlcreate "^2.0.4"

jsdoc@*:
  version "4.0.5"
  resolved "https://registry.yarnpkg.com/jsdoc/-/jsdoc-4.0.5.tgz#fbed70e04a3abcf2143dad6b184947682bbc7315"
  integrity sha512-P4C6MWP9yIlMiK8nwoZvxN84vb6MsnXcHuy7XzVOvQoCizWX5JFCBsWIIWKXBltpoRZXddUOVQmCTOZt9yDj9g==
  dependencies:
    "@babel/parser" "^7.20.15"
    "@jsdoc/salty" "^0.2.1"
    "@types/markdown-it" "^14.1.1"
    bluebird "^3.7.2"
    catharsis "^0.9.0"
    escape-string-regexp "^2.0.0"
    js2xmlparser "^4.0.2"
    klaw "^3.0.0"
    markdown-it "^14.1.0"
    markdown-it-anchor "^8.6.7"
    marked "^4.0.10"
    mkdirp "^1.0.4"
    requizzle "^0.2.3"
    strip-json-comments "^3.1.0"
    underscore "~1.13.2"

klaw@^3.0.0:
  version "3.0.0"
  resolved "https://registry.yarnpkg.com/klaw/-/klaw-3.0.0.tgz#b11bec9cf2492f06756d6e809ab73a2910259146"
  integrity sha512-0Fo5oir+O9jnXu5EefYbVK+mHMBeEVEy2cmctR1O1NECcCkPRreJKrS6Qt/j3KC2C148Dfo9i3pCmCMsdqGr0g==
  dependencies:
    graceful-fs "^4.1.9"

linkify-it@^5.0.0:
  version "5.0.0"
  resolved "https://registry.yarnpkg.com/linkify-it/-/linkify-it-5.0.0.tgz#9ef238bfa6dc70bd8e7f9572b52d369af569b421"
  integrity sha512-5aHCbzQRADcdP+ATqnDuhhJ/MRIqDkZX5pyjFHRRysS8vZ5AbqGEoFIb6pYHPZ+L/OC2Lc+xT8uHVVR5CAK/wQ==
  dependencies:
    uc.micro "^2.0.0"

lodash@^4.17.15, lodash@^4.17.21:
  version "4.17.21"
  resolved "https://registry.yarnpkg.com/lodash/-/lodash-4.17.21.tgz#679591c564c3bffaae8454cf0b3df370c3d6911c"
  integrity sha512-v2kDEe57lecTulaDIuNTPy3Ry4gLGJ6Z1O3vE1krgXZNrsQ+LFTGHVxVjcXPs17LhbZVGedAJv8XZ1tvj5FvSg==

markdown-it-anchor@^8.6.7:
  version "8.6.7"
  resolved "https://registry.yarnpkg.com/markdown-it-anchor/-/markdown-it-anchor-8.6.7.tgz#ee6926daf3ad1ed5e4e3968b1740eef1c6399634"
  integrity sha512-FlCHFwNnutLgVTflOYHPW2pPcl2AACqVzExlkGQNsi4CJgqOHN7YTgDd4LuhgN1BFO3TS0vLAruV1Td6dwWPJA==

markdown-it@^14.1.0:
  version "14.1.0"
  resolved "https://registry.yarnpkg.com/markdown-it/-/markdown-it-14.1.0.tgz#3c3c5992883c633db4714ccb4d7b5935d98b7d45"
  integrity sha512-a54IwgWPaeBCAAsv13YgmALOF1elABB08FxO9i+r4VFk5Vl4pKokRPeX8u5TCgSsPi6ec1otfLjdOpVcgbpshg==
  dependencies:
    argparse "^2.0.1"
    entities "^4.4.0"
    linkify-it "^5.0.0"
    mdurl "^2.0.0"
    punycode.js "^2.3.1"
    uc.micro "^2.1.0"

marked@^4.0.10:
  version "4.3.0"
  resolved "https://registry.yarnpkg.com/marked/-/marked-4.3.0.tgz#796362821b019f734054582038b116481b456cf3"
  integrity sha512-PRsaiG84bK+AMvxziE/lCFss8juXjNaWzVbN5tXAm4XjeaS9NAHhop+PjQxz2A9h8Q4M/xGmzP8vqNwy6JeK0A==

mdurl@^2.0.0:
  version "2.0.0"
  resolved "https://registry.yarnpkg.com/mdurl/-/mdurl-2.0.0.tgz#80676ec0433025dd3e17ee983d0fe8de5a2237e0"
  integrity sha512-Lf+9+2r+Tdp5wXDXC4PcIBjTDtq4UKjCPMQhKIuzpJNW0b96kVqSwW0bT7FhRSfmAiFYgP+SCRvdrDozfh0U5w==

mkdirp@^1.0.4:
  version "1.0.4"
  resolved "https://registry.yarnpkg.com/mkdirp/-/mkdirp-1.0.4.tgz#3eb5ed62622756d79a5f0e2a221dfebad75c2f7e"
  integrity sha512-vVqVZQyf3WLx2Shd0qJ9xuvqgAyKPLAiqITEtqW0oIUjzo3PePDd6fW9iFz30ef7Ysp/oiWqbhszeGWW2T6Gzw==

octokit@^5.0.4:
  version "5.0.4"
  resolved "https://registry.yarnpkg.com/octokit/-/octokit-5.0.4.tgz#09efcb0c3247f8587237c14c49fcd395da3a5d0f"
  integrity sha512-4n/mMoLQs2npBE+aTG5o4H+hZhFKu8aDqZFP/nmUNRUYrTpXpaqvX1ppK5eiCtQ+uP/8jI6vbdfCB2udlBgccA==
  dependencies:
    "@octokit/app" "^16.1.1"
    "@octokit/core" "^7.0.5"
    "@octokit/oauth-app" "^8.0.2"
    "@octokit/plugin-paginate-graphql" "^6.0.0"
    "@octokit/plugin-paginate-rest" "^13.2.0"
    "@octokit/plugin-rest-endpoint-methods" "^16.1.0"
    "@octokit/plugin-retry" "^8.0.2"
    "@octokit/plugin-throttling" "^11.0.2"
    "@octokit/request-error" "^7.0.1"
    "@octokit/types" "^15.0.0"
    "@octokit/webhooks" "^14.0.0"

punycode.js@^2.3.1:
  version "2.3.1"
  resolved "https://registry.yarnpkg.com/punycode.js/-/punycode.js-2.3.1.tgz#6b53e56ad75588234e79f4affa90972c7dd8cdb7"
  integrity sha512-uxFIHU0YlHYhDQtV4R9J6a52SLx28BCjT+4ieh7IGbgwVJWO+km431c4yRlREUAsAmt/uMjQUyQHNEPf0M39CA==

requizzle@^0.2.3:
  version "0.2.4"
  resolved "https://registry.yarnpkg.com/requizzle/-/requizzle-0.2.4.tgz#319eb658b28c370f0c20f968fa8ceab98c13d27c"
  integrity sha512-JRrFk1D4OQ4SqovXOgdav+K8EAhSB/LJZqCz8tbX0KObcdeM15Ss59ozWMBWmmINMagCwmqn4ZNryUGpBsl6Jw==
  dependencies:
    lodash "^4.17.21"

strip-json-comments@^3.1.0:
  version "3.1.1"
  resolved "https://registry.yarnpkg.com/strip-json-comments/-/strip-json-comments-3.1.1.tgz#31f1281b3832630434831c310c01cccda8cbe006"
  integrity sha512-6fPc+R4ihwqP6N/aIv2f1gMH8lOVtWQHoqC4yK6oSDVVocumAsfCqjkXnqiYMhmMwS/mEHLp7Vehlt3ql6lEig==

toad-cache@^3.7.0:
  version "3.7.0"
  resolved "https://registry.yarnpkg.com/toad-cache/-/toad-cache-3.7.0.tgz#b9b63304ea7c45ec34d91f1d2fa513517025c441"
  integrity sha512-/m8M+2BJUpoJdgAHoG+baCwBT+tf2VraSfkBgl0Y00qIWt41DJ8R5B8nsEw0I58YwF5IZH6z24/2TobDKnqSWw==

typescript@*:
  version "5.9.3"
  resolved "https://registry.yarnpkg.com/typescript/-/typescript-5.9.3.tgz#5b4f59e15310ab17a216f5d6cf53ee476ede670f"
  integrity sha512-jl1vZzPDinLr9eUt3J/t7V6FgNEw9QjvBPdysz9KfQDD41fQrC2Y4vKQdiaUpFT4bXlb1RHhLpp8wtm6M5TgSw==

uc.micro@^2.0.0, uc.micro@^2.1.0:
  version "2.1.0"
  resolved "https://registry.yarnpkg.com/uc.micro/-/uc.micro-2.1.0.tgz#f8d3f7d0ec4c3dea35a7e3c8efa4cb8b45c9e7ee"
  integrity sha512-ARDJmphmdvUk6Glw7y9DQ2bFkKBHwQHLi2lsaH6PPmz/Ka9sFOBsBluozhDltWmnv9u/cF6Rt87znRTPV+yp/A==

underscore@~1.13.2:
  version "1.13.6"
  resolved "https://registry.yarnpkg.com/underscore/-/underscore-1.13.6.tgz#04786a1f589dc6c09f761fc5f45b89e935136441"
  integrity sha512-+A5Sja4HP1M08MaXya7p5LvjuM7K6q/2EaC0+iovj/wOcMsTzMvDFbasi/oSapiwOlt252IqsKqPjCl7huKS0A==

undici-types@~7.16.0:
  version "7.16.0"
  resolved "https://registry.yarnpkg.com/undici-types/-/undici-types-7.16.0.tgz#ffccdff36aea4884cbfce9a750a0580224f58a46"
  integrity sha512-Zz+aZWSj8LE6zoxD+xrjh4VfkIG8Ya6LvYkZqtUQGJPZjYl53ypCaUwWqo7eI0x66KBGeRo+mlBEkMSeSZ38Nw==

universal-github-app-jwt@^2.2.0:
  version "2.2.2"
  resolved "https://registry.yarnpkg.com/universal-github-app-jwt/-/universal-github-app-jwt-2.2.2.tgz#38537e5a7d154085a35f97601a5e30e9e17717df"
  integrity sha512-dcmbeSrOdTnsjGjUfAlqNDJrhxXizjAz94ija9Qw8YkZ1uu0d+GoZzyH+Jb9tIIqvGsadUfwg+22k5aDqqwzbw==

universal-user-agent@^7.0.0, universal-user-agent@^7.0.2:
  version "7.0.3"
  resolved "https://registry.yarnpkg.com/universal-user-agent/-/universal-user-agent-7.0.3.tgz#c05870a58125a2dc00431f2df815a77fe69736be"
  integrity sha512-TmnEAEAsBJVZM/AADELsK76llnwcf9vMKuPz8JflO1frO8Lchitr0fNaN9d+Ap0BjKtqWqd/J17qeDnXh8CL2A==

xmlcreate@^2.0.4:
  version "2.0.4"
  resolved "https://registry.yarnpkg.com/xmlcreate/-/xmlcreate-2.0.4.tgz#0c5ab0f99cdd02a81065fa9cd8f8ae87624889be"
  integrity sha512-nquOebG4sngPmGPICTS5EnxqhKbCmz5Ox5hsszI2T6U5qdrJizBc+0ilYSEjTSzU0yZcmvppztXe/5Al5fUwdg==

yarn@*:
  version "1.22.22"
  resolved "https://registry.yarnpkg.com/yarn/-/yarn-1.22.22.tgz#ac34549e6aa8e7ead463a7407e1c7390f61a6610"
  integrity sha512-prL3kGtyG7o9Z9Sv8IPfBNrWTDmXB4Qbes8A9rEzt6wkJV8mUvoirjU0Mp3GGAU06Y0XQyA3/2/RQFVuK7MTfg==
